
Microsoft Visual Studio Solution File, Format Version 12.00
# Visual Studio Version 16
VisualStudioVersion = 16.0.33027.164
MinimumVisualStudioVersion = 10.0.40219.1
Project("{FAE04EC0-301F-11D3-BF4B-00C04F79EFBC}") = "task", "task\task.csproj", "{79CD7300-84D1-4ECE-A072-C422A5EDED91}"
EndProject
Project("{FAE04EC0-301F-11D3-BF4B-00C04F79EFBC}") = "task2", "task2\task2\task2.csproj", "{EDFF5074-0103-4EE8-BF9F-D68BEAC24B2B}"
EndProject
Project("{FAE04EC0-301F-11D3-BF4B-00C04F79EFBC}") = "UnitTestCase", "UnitTestCase\UnitTestCase.csproj", "{18B5BE11-098A-454E-BDB0-8B51E92431A3}"
EndProject
Project("{2150E333-8FDC-42A3-9474-1A3956D46DE8}") = "ShopZone", "ShopZone", "{BCC5B6EA-F1A6-4C52-B725-CFC6E1532EAF}"
EndProject
Project("{FAE04EC0-301F-11D3-BF4B-00C04F79EFBC}") = "DBcontext", "DBcontext\DBcontext.csproj", "{2DD89B1B-8F84-4107-9DC2-39F229404970}"
EndProject
Project("{FAE04EC0-301F-11D3-BF4B-00C04F79EFBC}") = "ShopView", "ShopView\ShopView.csproj", "{6CE76A1E-7A79-4853-A25A-62AE0B4AA309}"
EndProject
Project("{FAE04EC0-301F-11D3-BF4B-00C04F79EFBC}") = "ShopViewWebAPI", "ShopViewWebAPI\ShopViewWebAPI.csproj", "{A2981D3F-09DB-40E0-960A-51B4F16B5C84}"
EndProject
Global
	GlobalSection(SolutionConfigurationPlatforms) = preSolution
		Debug|Any CPU = Debug|Any CPU
		Release|Any CPU = Release|Any CPU
	EndGlobalSection
	GlobalSection(ProjectConfigurationPlatforms) = postSolution
		{79CD7300-84D1-4ECE-A072-C422A5EDED91}.Debug|Any CPU.ActiveCfg = Debug|Any CPU
		{79CD7300-84D1-4ECE-A072-C422A5EDED91}.Debug|Any CPU.Build.0 = Debug|Any CPU
		{79CD7300-84D1-4ECE-A072-C422A5EDED91}.Release|Any CPU.ActiveCfg = Release|Any CPU
		{79CD7300-84D1-4ECE-A072-C422A5EDED91}.Release|Any CPU.Build.0 = Release|Any CPU
		{EDFF5074-0103-4EE8-BF9F-D68BEAC24B2B}.Debug|Any CPU.ActiveCfg = Debug|Any CPU
		{EDFF5074-0103-4EE8-BF9F-D68BEAC24B2B}.Debug|Any CPU.Build.0 = Debug|Any CPU
		{EDFF5074-0103-4EE8-BF9F-D68BEAC24B2B}.Release|Any CPU.ActiveCfg = Release|Any CPU
		{EDFF5074-0103-4EE8-BF9F-D68BEAC24B2B}.Release|Any CPU.Build.0 = Release|Any CPU
		{18B5BE11-098A-454E-BDB0-8B51E92431A3}.Debug|Any CPU.ActiveCfg = Debug|Any CPU
		{18B5BE11-098A-454E-BDB0-8B51E92431A3}.Debug|Any CPU.Build.0 = Debug|Any CPU
		{18B5BE11-098A-454E-BDB0-8B51E92431A3}.Release|Any CPU.ActiveCfg = Release|Any CPU
		{18B5BE11-098A-454E-BDB0-8B51E92431A3}.Release|Any CPU.Build.0 = Release|Any CPU
		{2DD89B1B-8F84-4107-9DC2-39F229404970}.Debug|Any CPU.ActiveCfg = Debug|Any CPU
		{2DD89B1B-8F84-4107-9DC2-39F229404970}.Debug|Any CPU.Build.0 = Debug|Any CPU
		{2DD89B1B-8F84-4107-9DC2-39F229404970}.Release|Any CPU.ActiveCfg = Release|Any CPU
		{2DD89B1B-8F84-4107-9DC2-39F229404970}.Release|Any CPU.Build.0 = Release|Any CPU
		{6CE76A1E-7A79-4853-A25A-62AE0B4AA309}.Debug|Any CPU.ActiveCfg = Debug|Any CPU
		{6CE76A1E-7A79-4853-A25A-62AE0B4AA309}.Debug|Any CPU.Build.0 = Debug|Any CPU
		{6CE76A1E-7A79-4853-A25A-62AE0B4AA309}.Release|Any CPU.ActiveCfg = Release|Any CPU
		{6CE76A1E-7A79-4853-A25A-62AE0B4AA309}.Release|Any CPU.Build.0 = Release|Any CPU
		{A2981D3F-09DB-40E0-960A-51B4F16B5C84}.Debug|Any CPU.ActiveCfg = Debug|Any CPU
		{A2981D3F-09DB-40E0-960A-51B4F16B5C84}.Debug|Any CPU.Build.0 = Debug|Any CPU
		{A2981D3F-09DB-40E0-960A-51B4F16B5C84}.Release|Any CPU.ActiveCfg = Release|Any CPU
		{A2981D3F-09DB-40E0-960A-51B4F16B5C84}.Release|Any CPU.Build.0 = Release|Any CPU
	EndGlobalSection
	GlobalSection(SolutionProperties) = preSolution
		HideSolutionNode = FALSE
	EndGlobalSection
	GlobalSection(NestedProjects) = preSolution
		{2DD89B1B-8F84-4107-9DC2-39F229404970} = {BCC5B6EA-F1A6-4C52-B725-CFC6E1532EAF}
		{6CE76A1E-7A79-4853-A25A-62AE0B4AA309} = {BCC5B6EA-F1A6-4C52-B725-CFC6E1532EAF}
		{A2981D3F-09DB-40E0-960A-51B4F16B5C84} = {BCC5B6EA-F1A6-4C52-B725-CFC6E1532EAF}
	EndGlobalSection
	GlobalSection(ExtensibilityGlobals) = postSolution
		SolutionGuid = {84B29FFE-71A6-49D5-99BB-CE0119A01201}
	EndGlobalSection
EndGlobal
